// !$*UTF8*$!
{
	archiveVersion = 1;
	classes = {
	};
	objectVersion = 56;
	objects = {

/* Begin PBXBuildFile section */
		13AB211E782E60B2588001D7 /* Pods_Outrageous_FactsTests.framework in Frameworks */ = {isa = PBXBuildFile; fileRef = 8A9B99A46A5DE36A34B58150 /* Pods_Outrageous_FactsTests.framework */; };
		AFBEAD5AA9DD52456827A8E2 /* Pods_Outrageous_Facts.framework in Frameworks */ = {isa = PBXBuildFile; fileRef = 59EF312E5A6508001E5A9776 /* Pods_Outrageous_Facts.framework */; };
		B1E60F17807C06689D4B26F8 /* Pods_Outrageous_Facts_Outrageous_FactsUITests.framework in Frameworks */ = {isa = PBXBuildFile; fileRef = 826AF8279696345874213EFA /* Pods_Outrageous_Facts_Outrageous_FactsUITests.framework */; };
		F60A8AC62976023F002E6635 /* Launch Screen.storyboard in Resources */ = {isa = PBXBuildFile; fileRef = F60A8AC52976023F002E6635 /* Launch Screen.storyboard */; };
		F60A8AC72976023F002E6635 /* Launch Screen.storyboard in Resources */ = {isa = PBXBuildFile; fileRef = F60A8AC52976023F002E6635 /* Launch Screen.storyboard */; };
		F60A8AC82976023F002E6635 /* Launch Screen.storyboard in Resources */ = {isa = PBXBuildFile; fileRef = F60A8AC52976023F002E6635 /* Launch Screen.storyboard */; };
		F6342BE9295E335B00BF730B /* FactView.swift in Sources */ = {isa = PBXBuildFile; fileRef = F6342BE8295E335B00BF730B /* FactView.swift */; };
		F63C58692958DBE9007DF6B8 /* Outrageous_FactsApp.swift in Sources */ = {isa = PBXBuildFile; fileRef = F63C58682958DBE9007DF6B8 /* Outrageous_FactsApp.swift */; };
		F63C586B2958DBE9007DF6B8 /* ContentView.swift in Sources */ = {isa = PBXBuildFile; fileRef = F63C586A2958DBE9007DF6B8 /* ContentView.swift */; };
		F63C586D2958DBEF007DF6B8 /* Assets.xcassets in Resources */ = {isa = PBXBuildFile; fileRef = F63C586C2958DBEF007DF6B8 /* Assets.xcassets */; };
		F63C58702958DBEF007DF6B8 /* Preview Assets.xcassets in Resources */ = {isa = PBXBuildFile; fileRef = F63C586F2958DBEF007DF6B8 /* Preview Assets.xcassets */; };
		F63C58722958DBEF007DF6B8 /* Persistence.swift in Sources */ = {isa = PBXBuildFile; fileRef = F63C58712958DBEF007DF6B8 /* Persistence.swift */; };
		F63C58752958DBF0007DF6B8 /* Outrageous_Facts.xcdatamodeld in Sources */ = {isa = PBXBuildFile; fileRef = F63C58732958DBF0007DF6B8 /* Outrageous_Facts.xcdatamodeld */; };
		F63C587F2958DBF0007DF6B8 /* Outrageous_FactsTests.swift in Sources */ = {isa = PBXBuildFile; fileRef = F63C587E2958DBF0007DF6B8 /* Outrageous_FactsTests.swift */; };
		F63C58892958DBF0007DF6B8 /* Outrageous_FactsUITests.swift in Sources */ = {isa = PBXBuildFile; fileRef = F63C58882958DBF0007DF6B8 /* Outrageous_FactsUITests.swift */; };
		F63C588B2958DBF0007DF6B8 /* Outrageous_FactsUITestsLaunchTests.swift in Sources */ = {isa = PBXBuildFile; fileRef = F63C588A2958DBF0007DF6B8 /* Outrageous_FactsUITestsLaunchTests.swift */; };
		F63CC2B729D0AF0E002C2FB2 /* ScrollViewStyle in Frameworks */ = {isa = PBXBuildFile; productRef = F63CC2B629D0AF0E002C2FB2 /* ScrollViewStyle */; };
		F649E97729A43BC400C2BF09 /* APIRequest.swift in Sources */ = {isa = PBXBuildFile; fileRef = F649E97629A43BC400C2BF09 /* APIRequest.swift */; };
		F649E97929A4459600C2BF09 /* JSONData.swift in Sources */ = {isa = PBXBuildFile; fileRef = F649E97829A4459600C2BF09 /* JSONData.swift */; };
		F649E97B29A4460C00C2BF09 /* Event.swift in Sources */ = {isa = PBXBuildFile; fileRef = F649E97A29A4460C00C2BF09 /* Event.swift */; };
		F649E97D29A4597E00C2BF09 /* RandQuote.swift in Sources */ = {isa = PBXBuildFile; fileRef = F649E97C29A4597D00C2BF09 /* RandQuote.swift */; };
		F655BADE296CFA4600EFDCD3 /* Quote.swift in Sources */ = {isa = PBXBuildFile; fileRef = F655BADD296CFA4600EFDCD3 /* Quote.swift */; };
		F6825CEB2974F57100E7FB0C /* AboutView.swift in Sources */ = {isa = PBXBuildFile; fileRef = F6825CEA2974F57100E7FB0C /* AboutView.swift */; };
		F6832D3529734251005A5E03 /* GADBannerViewController.swift in Sources */ = {isa = PBXBuildFile; fileRef = F6832D3429734251005A5E03 /* GADBannerViewController.swift */; };
		F68AAD8C29CF7F1800487301 /* SnapToScroll in Frameworks */ = {isa = PBXBuildFile; productRef = F68AAD8B29CF7F1800487301 /* SnapToScroll */; };
		F68E83D62990A80900883CD7 /* Notification.swift in Sources */ = {isa = PBXBuildFile; fileRef = F68E83D52990A80900883CD7 /* Notification.swift */; };
		F6DF53C9297326E40030222C /* GoogleMobileAds in Frameworks */ = {isa = PBXBuildFile; productRef = F6DF53C8297326E40030222C /* GoogleMobileAds */; };
/* End PBXBuildFile section */

/* Begin PBXContainerItemProxy section */
		F63C587B2958DBF0007DF6B8 /* PBXContainerItemProxy */ = {
			isa = PBXContainerItemProxy;
			containerPortal = F63C585D2958DBE9007DF6B8 /* Project object */;
			proxyType = 1;
			remoteGlobalIDString = F63C58642958DBE9007DF6B8;
			remoteInfo = "Outrageous Facts";
		};
		F63C58852958DBF0007DF6B8 /* PBXContainerItemProxy */ = {
			isa = PBXContainerItemProxy;
			containerPortal = F63C585D2958DBE9007DF6B8 /* Project object */;
			proxyType = 1;
			remoteGlobalIDString = F63C58642958DBE9007DF6B8;
			remoteInfo = "Outrageous Facts";
		};
/* End PBXContainerItemProxy section */

/* Begin PBXFileReference section */
		04F99DEC265B66A4DF954BC0 /* Pods-Outrageous FactsTests.release.xcconfig */ = {isa = PBXFileReference; includeInIndex = 1; lastKnownFileType = text.xcconfig; name = "Pods-Outrageous FactsTests.release.xcconfig"; path = "Target Support Files/Pods-Outrageous FactsTests/Pods-Outrageous FactsTests.release.xcconfig"; sourceTree = "<group>"; };
		3A711CFE8BD5D82C7AD11C4D /* Pods-Outrageous Facts-Outrageous FactsUITests.debug.xcconfig */ = {isa = PBXFileReference; includeInIndex = 1; lastKnownFileType = text.xcconfig; name = "Pods-Outrageous Facts-Outrageous FactsUITests.debug.xcconfig"; path = "Target Support Files/Pods-Outrageous Facts-Outrageous FactsUITests/Pods-Outrageous Facts-Outrageous FactsUITests.debug.xcconfig"; sourceTree = "<group>"; };
		59EF312E5A6508001E5A9776 /* Pods_Outrageous_Facts.framework */ = {isa = PBXFileReference; explicitFileType = wrapper.framework; includeInIndex = 0; path = Pods_Outrageous_Facts.framework; sourceTree = BUILT_PRODUCTS_DIR; };
		6B0464BD8C335BEFD17F0876 /* Pods-Outrageous Facts.release.xcconfig */ = {isa = PBXFileReference; includeInIndex = 1; lastKnownFileType = text.xcconfig; name = "Pods-Outrageous Facts.release.xcconfig"; path = "Target Support Files/Pods-Outrageous Facts/Pods-Outrageous Facts.release.xcconfig"; sourceTree = "<group>"; };
		826AF8279696345874213EFA /* Pods_Outrageous_Facts_Outrageous_FactsUITests.framework */ = {isa = PBXFileReference; explicitFileType = wrapper.framework; includeInIndex = 0; path = Pods_Outrageous_Facts_Outrageous_FactsUITests.framework; sourceTree = BUILT_PRODUCTS_DIR; };
		8A9B99A46A5DE36A34B58150 /* Pods_Outrageous_FactsTests.framework */ = {isa = PBXFileReference; explicitFileType = wrapper.framework; includeInIndex = 0; path = Pods_Outrageous_FactsTests.framework; sourceTree = BUILT_PRODUCTS_DIR; };
		D2236DA590A4EC5CF470B7C8 /* Pods-Outrageous Facts.debug.xcconfig */ = {isa = PBXFileReference; includeInIndex = 1; lastKnownFileType = text.xcconfig; name = "Pods-Outrageous Facts.debug.xcconfig"; path = "Target Support Files/Pods-Outrageous Facts/Pods-Outrageous Facts.debug.xcconfig"; sourceTree = "<group>"; };
		DA915A25A5FAB4EE208284B1 /* Pods-Outrageous Facts-Outrageous FactsUITests.release.xcconfig */ = {isa = PBXFileReference; includeInIndex = 1; lastKnownFileType = text.xcconfig; name = "Pods-Outrageous Facts-Outrageous FactsUITests.release.xcconfig"; path = "Target Support Files/Pods-Outrageous Facts-Outrageous FactsUITests/Pods-Outrageous Facts-Outrageous FactsUITests.release.xcconfig"; sourceTree = "<group>"; };
		DFA65E1510762BB75C0F3055 /* Pods-Outrageous FactsTests.debug.xcconfig */ = {isa = PBXFileReference; includeInIndex = 1; lastKnownFileType = text.xcconfig; name = "Pods-Outrageous FactsTests.debug.xcconfig"; path = "Target Support Files/Pods-Outrageous FactsTests/Pods-Outrageous FactsTests.debug.xcconfig"; sourceTree = "<group>"; };
		F60A8AC52976023F002E6635 /* Launch Screen.storyboard */ = {isa = PBXFileReference; lastKnownFileType = file.storyboard; path = "Launch Screen.storyboard"; sourceTree = "<group>"; };
		F6342BE8295E335B00BF730B /* FactView.swift */ = {isa = PBXFileReference; lastKnownFileType = sourcecode.swift; path = FactView.swift; sourceTree = "<group>"; };
		F63C58652958DBE9007DF6B8 /* Outrageous Facts.app */ = {isa = PBXFileReference; explicitFileType = wrapper.application; includeInIndex = 0; path = "Outrageous Facts.app"; sourceTree = BUILT_PRODUCTS_DIR; };
		F63C58682958DBE9007DF6B8 /* Outrageous_FactsApp.swift */ = {isa = PBXFileReference; lastKnownFileType = sourcecode.swift; path = Outrageous_FactsApp.swift; sourceTree = "<group>"; };
		F63C586A2958DBE9007DF6B8 /* ContentView.swift */ = {isa = PBXFileReference; lastKnownFileType = sourcecode.swift; path = ContentView.swift; sourceTree = "<group>"; };
		F63C586C2958DBEF007DF6B8 /* Assets.xcassets */ = {isa = PBXFileReference; lastKnownFileType = folder.assetcatalog; path = Assets.xcassets; sourceTree = "<group>"; };
		F63C586F2958DBEF007DF6B8 /* Preview Assets.xcassets */ = {isa = PBXFileReference; lastKnownFileType = folder.assetcatalog; path = "Preview Assets.xcassets"; sourceTree = "<group>"; };
		F63C58712958DBEF007DF6B8 /* Persistence.swift */ = {isa = PBXFileReference; lastKnownFileType = sourcecode.swift; path = Persistence.swift; sourceTree = "<group>"; };
		F63C58742958DBF0007DF6B8 /* Outrageous_Facts.xcdatamodel */ = {isa = PBXFileReference; lastKnownFileType = wrapper.xcdatamodel; path = Outrageous_Facts.xcdatamodel; sourceTree = "<group>"; };
		F63C587A2958DBF0007DF6B8 /* Outrageous FactsTests.xctest */ = {isa = PBXFileReference; explicitFileType = wrapper.cfbundle; includeInIndex = 0; path = "Outrageous FactsTests.xctest"; sourceTree = BUILT_PRODUCTS_DIR; };
		F63C587E2958DBF0007DF6B8 /* Outrageous_FactsTests.swift */ = {isa = PBXFileReference; lastKnownFileType = sourcecode.swift; path = Outrageous_FactsTests.swift; sourceTree = "<group>"; };
		F63C58842958DBF0007DF6B8 /* Outrageous FactsUITests.xctest */ = {isa = PBXFileReference; explicitFileType = wrapper.cfbundle; includeInIndex = 0; path = "Outrageous FactsUITests.xctest"; sourceTree = BUILT_PRODUCTS_DIR; };
		F63C58882958DBF0007DF6B8 /* Outrageous_FactsUITests.swift */ = {isa = PBXFileReference; lastKnownFileType = sourcecode.swift; path = Outrageous_FactsUITests.swift; sourceTree = "<group>"; };
		F63C588A2958DBF0007DF6B8 /* Outrageous_FactsUITestsLaunchTests.swift */ = {isa = PBXFileReference; lastKnownFileType = sourcecode.swift; path = Outrageous_FactsUITestsLaunchTests.swift; sourceTree = "<group>"; };
		F649E97629A43BC400C2BF09 /* APIRequest.swift */ = {isa = PBXFileReference; lastKnownFileType = sourcecode.swift; path = APIRequest.swift; sourceTree = "<group>"; };
		F649E97829A4459600C2BF09 /* JSONData.swift */ = {isa = PBXFileReference; lastKnownFileType = sourcecode.swift; path = JSONData.swift; sourceTree = "<group>"; };
		F649E97A29A4460C00C2BF09 /* Event.swift */ = {isa = PBXFileReference; lastKnownFileType = sourcecode.swift; path = Event.swift; sourceTree = "<group>"; };
		F649E97C29A4597D00C2BF09 /* RandQuote.swift */ = {isa = PBXFileReference; lastKnownFileType = sourcecode.swift; path = RandQuote.swift; sourceTree = "<group>"; };
		F655BADD296CFA4600EFDCD3 /* Quote.swift */ = {isa = PBXFileReference; lastKnownFileType = sourcecode.swift; path = Quote.swift; sourceTree = "<group>"; };
		F6825CEA2974F57100E7FB0C /* AboutView.swift */ = {isa = PBXFileReference; lastKnownFileType = sourcecode.swift; path = AboutView.swift; sourceTree = "<group>"; };
		F6832D3429734251005A5E03 /* GADBannerViewController.swift */ = {isa = PBXFileReference; lastKnownFileType = sourcecode.swift; path = GADBannerViewController.swift; sourceTree = "<group>"; };
		F68E83D52990A80900883CD7 /* Notification.swift */ = {isa = PBXFileReference; lastKnownFileType = sourcecode.swift; path = Notification.swift; sourceTree = "<group>"; };
		F6DF53CA297329930030222C /* Outrageous-Facts-Info.plist */ = {isa = PBXFileReference; lastKnownFileType = text.plist; path = "Outrageous-Facts-Info.plist"; sourceTree = SOURCE_ROOT; };
/* End PBXFileReference section */

/* Begin PBXFrameworksBuildPhase section */
		F63C58622958DBE9007DF6B8 /* Frameworks */ = {
			isa = PBXFrameworksBuildPhase;
			buildActionMask = 2147483647;
			files = (
				F68AAD8C29CF7F1800487301 /* SnapToScroll in Frameworks */,
				F6DF53C9297326E40030222C /* GoogleMobileAds in Frameworks */,
				F63CC2B729D0AF0E002C2FB2 /* ScrollViewStyle in Frameworks */,
				AFBEAD5AA9DD52456827A8E2 /* Pods_Outrageous_Facts.framework in Frameworks */,
			);
			runOnlyForDeploymentPostprocessing = 0;
		};
		F63C58772958DBF0007DF6B8 /* Frameworks */ = {
			isa = PBXFrameworksBuildPhase;
			buildActionMask = 2147483647;
			files = (
				13AB211E782E60B2588001D7 /* Pods_Outrageous_FactsTests.framework in Frameworks */,
			);
			runOnlyForDeploymentPostprocessing = 0;
		};
		F63C58812958DBF0007DF6B8 /* Frameworks */ = {
			isa = PBXFrameworksBuildPhase;
			buildActionMask = 2147483647;
			files = (
				B1E60F17807C06689D4B26F8 /* Pods_Outrageous_Facts_Outrageous_FactsUITests.framework in Frameworks */,
			);
			runOnlyForDeploymentPostprocessing = 0;
		};
/* End PBXFrameworksBuildPhase section */

/* Begin PBXGroup section */
		0C674264643A9E3A36299289 /* Frameworks */ = {
			isa = PBXGroup;
			children = (
				59EF312E5A6508001E5A9776 /* Pods_Outrageous_Facts.framework */,
				826AF8279696345874213EFA /* Pods_Outrageous_Facts_Outrageous_FactsUITests.framework */,
				8A9B99A46A5DE36A34B58150 /* Pods_Outrageous_FactsTests.framework */,
			);
			name = Frameworks;
			sourceTree = "<group>";
		};
		A7D0BF9DC8962ACCF27F71A3 /* Pods */ = {
			isa = PBXGroup;
			children = (
				D2236DA590A4EC5CF470B7C8 /* Pods-Outrageous Facts.debug.xcconfig */,
				6B0464BD8C335BEFD17F0876 /* Pods-Outrageous Facts.release.xcconfig */,
				3A711CFE8BD5D82C7AD11C4D /* Pods-Outrageous Facts-Outrageous FactsUITests.debug.xcconfig */,
				DA915A25A5FAB4EE208284B1 /* Pods-Outrageous Facts-Outrageous FactsUITests.release.xcconfig */,
				DFA65E1510762BB75C0F3055 /* Pods-Outrageous FactsTests.debug.xcconfig */,
				04F99DEC265B66A4DF954BC0 /* Pods-Outrageous FactsTests.release.xcconfig */,
			);
			path = Pods;
			sourceTree = "<group>";
		};
		F6342BE5295E318000BF730B /* Models */ = {
			isa = PBXGroup;
			children = (
				F6342BE8295E335B00BF730B /* FactView.swift */,
				F649E97C29A4597D00C2BF09 /* RandQuote.swift */,
				F649E97629A43BC400C2BF09 /* APIRequest.swift */,
				F649E97829A4459600C2BF09 /* JSONData.swift */,
				F649E97A29A4460C00C2BF09 /* Event.swift */,
				F6825CEA2974F57100E7FB0C /* AboutView.swift */,
				F6832D3429734251005A5E03 /* GADBannerViewController.swift */,
				F655BADD296CFA4600EFDCD3 /* Quote.swift */,
				F68E83D52990A80900883CD7 /* Notification.swift */,
			);
			path = Models;
			sourceTree = "<group>";
		};
		F63C585C2958DBE9007DF6B8 = {
			isa = PBXGroup;
			children = (
				F60A8AC52976023F002E6635 /* Launch Screen.storyboard */,
				F63C58672958DBE9007DF6B8 /* Outrageous Facts */,
				F63C587D2958DBF0007DF6B8 /* Outrageous FactsTests */,
				F63C58872958DBF0007DF6B8 /* Outrageous FactsUITests */,
				F63C58662958DBE9007DF6B8 /* Products */,
				A7D0BF9DC8962ACCF27F71A3 /* Pods */,
				0C674264643A9E3A36299289 /* Frameworks */,
			);
			sourceTree = "<group>";
		};
		F63C58662958DBE9007DF6B8 /* Products */ = {
			isa = PBXGroup;
			children = (
				F63C58652958DBE9007DF6B8 /* Outrageous Facts.app */,
				F63C587A2958DBF0007DF6B8 /* Outrageous FactsTests.xctest */,
				F63C58842958DBF0007DF6B8 /* Outrageous FactsUITests.xctest */,
			);
			name = Products;
			sourceTree = "<group>";
		};
		F63C58672958DBE9007DF6B8 /* Outrageous Facts */ = {
			isa = PBXGroup;
			children = (
				F6DF53CA297329930030222C /* Outrageous-Facts-Info.plist */,
				F6342BE5295E318000BF730B /* Models */,
				F63C58682958DBE9007DF6B8 /* Outrageous_FactsApp.swift */,
				F63C586A2958DBE9007DF6B8 /* ContentView.swift */,
				F63C586C2958DBEF007DF6B8 /* Assets.xcassets */,
				F63C58712958DBEF007DF6B8 /* Persistence.swift */,
				F63C58732958DBF0007DF6B8 /* Outrageous_Facts.xcdatamodeld */,
				F63C586E2958DBEF007DF6B8 /* Preview Content */,
			);
			path = "Outrageous Facts";
			sourceTree = "<group>";
		};
		F63C586E2958DBEF007DF6B8 /* Preview Content */ = {
			isa = PBXGroup;
			children = (
				F63C586F2958DBEF007DF6B8 /* Preview Assets.xcassets */,
			);
			path = "Preview Content";
			sourceTree = "<group>";
		};
		F63C587D2958DBF0007DF6B8 /* Outrageous FactsTests */ = {
			isa = PBXGroup;
			children = (
				F63C587E2958DBF0007DF6B8 /* Outrageous_FactsTests.swift */,
			);
			path = "Outrageous FactsTests";
			sourceTree = "<group>";
		};
		F63C58872958DBF0007DF6B8 /* Outrageous FactsUITests */ = {
			isa = PBXGroup;
			children = (
				F63C58882958DBF0007DF6B8 /* Outrageous_FactsUITests.swift */,
				F63C588A2958DBF0007DF6B8 /* Outrageous_FactsUITestsLaunchTests.swift */,
			);
			path = "Outrageous FactsUITests";
			sourceTree = "<group>";
		};
/* End PBXGroup section */

/* Begin PBXNativeTarget section */
		F63C58642958DBE9007DF6B8 /* Outrageous Facts */ = {
			isa = PBXNativeTarget;
			buildConfigurationList = F63C588E2958DBF0007DF6B8 /* Build configuration list for PBXNativeTarget "Outrageous Facts" */;
			buildPhases = (
				F72B9893218664A43CE597F9 /* [CP] Check Pods Manifest.lock */,
				F63C58612958DBE9007DF6B8 /* Sources */,
				F63C58622958DBE9007DF6B8 /* Frameworks */,
				F63C58632958DBE9007DF6B8 /* Resources */,
				389E6BA15590B04C12CE4FCA /* [CP] Embed Pods Frameworks */,
			);
			buildRules = (
			);
			dependencies = (
			);
			name = "Outrageous Facts";
			packageProductDependencies = (
				F6DF53C8297326E40030222C /* GoogleMobileAds */,
				F68AAD8B29CF7F1800487301 /* SnapToScroll */,
				F63CC2B629D0AF0E002C2FB2 /* ScrollViewStyle */,
			);
			productName = "Outrageous Facts";
			productReference = F63C58652958DBE9007DF6B8 /* Outrageous Facts.app */;
			productType = "com.apple.product-type.application";
		};
		F63C58792958DBF0007DF6B8 /* Outrageous FactsTests */ = {
			isa = PBXNativeTarget;
			buildConfigurationList = F63C58912958DBF0007DF6B8 /* Build configuration list for PBXNativeTarget "Outrageous FactsTests" */;
			buildPhases = (
				06A41ADA43B8E985EFAC6C7B /* [CP] Check Pods Manifest.lock */,
				F63C58762958DBF0007DF6B8 /* Sources */,
				F63C58772958DBF0007DF6B8 /* Frameworks */,
				F63C58782958DBF0007DF6B8 /* Resources */,
			);
			buildRules = (
			);
			dependencies = (
				F63C587C2958DBF0007DF6B8 /* PBXTargetDependency */,
			);
			name = "Outrageous FactsTests";
			productName = "Outrageous FactsTests";
			productReference = F63C587A2958DBF0007DF6B8 /* Outrageous FactsTests.xctest */;
			productType = "com.apple.product-type.bundle.unit-test";
		};
		F63C58832958DBF0007DF6B8 /* Outrageous FactsUITests */ = {
			isa = PBXNativeTarget;
			buildConfigurationList = F63C58942958DBF0007DF6B8 /* Build configuration list for PBXNativeTarget "Outrageous FactsUITests" */;
			buildPhases = (
				AEB5AC530E214C6D6395114F /* [CP] Check Pods Manifest.lock */,
				F63C58802958DBF0007DF6B8 /* Sources */,
				F63C58812958DBF0007DF6B8 /* Frameworks */,
				F63C58822958DBF0007DF6B8 /* Resources */,
				4110E64D165F0D68A65E3CD0 /* [CP] Embed Pods Frameworks */,
			);
			buildRules = (
			);
			dependencies = (
				F63C58862958DBF0007DF6B8 /* PBXTargetDependency */,
			);
			name = "Outrageous FactsUITests";
			productName = "Outrageous FactsUITests";
			productReference = F63C58842958DBF0007DF6B8 /* Outrageous FactsUITests.xctest */;
			productType = "com.apple.product-type.bundle.ui-testing";
		};
/* End PBXNativeTarget section */

/* Begin PBXProject section */
		F63C585D2958DBE9007DF6B8 /* Project object */ = {
			isa = PBXProject;
			attributes = {
				BuildIndependentTargetsInParallel = 1;
				LastSwiftUpdateCheck = 1420;
				LastUpgradeCheck = 1420;
				TargetAttributes = {
					F63C58642958DBE9007DF6B8 = {
						CreatedOnToolsVersion = 14.2;
					};
					F63C58792958DBF0007DF6B8 = {
						CreatedOnToolsVersion = 14.2;
						TestTargetID = F63C58642958DBE9007DF6B8;
					};
					F63C58832958DBF0007DF6B8 = {
						CreatedOnToolsVersion = 14.2;
						TestTargetID = F63C58642958DBE9007DF6B8;
					};
				};
			};
			buildConfigurationList = F63C58602958DBE9007DF6B8 /* Build configuration list for PBXProject "Outrageous Facts" */;
			compatibilityVersion = "Xcode 14.0";
			developmentRegion = en;
			hasScannedForEncodings = 0;
			knownRegions = (
				en,
				Base,
			);
			mainGroup = F63C585C2958DBE9007DF6B8;
			packageReferences = (
				F6DF53C7297326E40030222C /* XCRemoteSwiftPackageReference "swift-package-manager-google-mobile-ads" */,
				F68AAD8A29CF7F1700487301 /* XCRemoteSwiftPackageReference "hstack-snap-to-scroll" */,
				F63CC2B529D0AF0D002C2FB2 /* XCRemoteSwiftPackageReference "ScrollViewStyle" */,
			);
			productRefGroup = F63C58662958DBE9007DF6B8 /* Products */;
			projectDirPath = "";
			projectRoot = "";
			targets = (
				F63C58642958DBE9007DF6B8 /* Outrageous Facts */,
				F63C58792958DBF0007DF6B8 /* Outrageous FactsTests */,
				F63C58832958DBF0007DF6B8 /* Outrageous FactsUITests */,
			);
		};
/* End PBXProject section */

/* Begin PBXResourcesBuildPhase section */
		F63C58632958DBE9007DF6B8 /* Resources */ = {
			isa = PBXResourcesBuildPhase;
			buildActionMask = 2147483647;
			files = (
				F60A8AC62976023F002E6635 /* Launch Screen.storyboard in Resources */,
				F63C58702958DBEF007DF6B8 /* Preview Assets.xcassets in Resources */,
				F63C586D2958DBEF007DF6B8 /* Assets.xcassets in Resources */,
			);
			runOnlyForDeploymentPostprocessing = 0;
		};
		F63C58782958DBF0007DF6B8 /* Resources */ = {
			isa = PBXResourcesBuildPhase;
			buildActionMask = 2147483647;
			files = (
				F60A8AC72976023F002E6635 /* Launch Screen.storyboard in Resources */,
			);
			runOnlyForDeploymentPostprocessing = 0;
		};
		F63C58822958DBF0007DF6B8 /* Resources */ = {
			isa = PBXResourcesBuildPhase;
			buildActionMask = 2147483647;
			files = (
				F60A8AC82976023F002E6635 /* Launch Screen.storyboard in Resources */,
			);
			runOnlyForDeploymentPostprocessing = 0;
		};
/* End PBXResourcesBuildPhase section */

/* Begin PBXShellScriptBuildPhase section */
		06A41ADA43B8E985EFAC6C7B /* [CP] Check Pods Manifest.lock */ = {
			isa = PBXShellScriptBuildPhase;
			buildActionMask = 2147483647;
			files = (
			);
			inputFileListPaths = (
			);
			inputPaths = (
				"${PODS_PODFILE_DIR_PATH}/Podfile.lock",
				"${PODS_ROOT}/Manifest.lock",
			);
			name = "[CP] Check Pods Manifest.lock";
			outputFileListPaths = (
			);
			outputPaths = (
				"$(DERIVED_FILE_DIR)/Pods-Outrageous FactsTests-checkManifestLockResult.txt",
			);
			runOnlyForDeploymentPostprocessing = 0;
			shellPath = /bin/sh;
			shellScript = "diff \"${PODS_PODFILE_DIR_PATH}/Podfile.lock\" \"${PODS_ROOT}/Manifest.lock\" > /dev/null\nif [ $? != 0 ] ; then\n    # print error to STDERR\n    echo \"error: The sandbox is not in sync with the Podfile.lock. Run 'pod install' or update your CocoaPods installation.\" >&2\n    exit 1\nfi\n# This output is used by Xcode 'outputs' to avoid re-running this script phase.\necho \"SUCCESS\" > \"${SCRIPT_OUTPUT_FILE_0}\"\n";
			showEnvVarsInLog = 0;
		};
		389E6BA15590B04C12CE4FCA /* [CP] Embed Pods Frameworks */ = {
			isa = PBXShellScriptBuildPhase;
			buildActionMask = 2147483647;
			files = (
			);
			inputFileListPaths = (
				"${PODS_ROOT}/Target Support Files/Pods-Outrageous Facts/Pods-Outrageous Facts-frameworks-${CONFIGURATION}-input-files.xcfilelist",
			);
			name = "[CP] Embed Pods Frameworks";
			outputFileListPaths = (
				"${PODS_ROOT}/Target Support Files/Pods-Outrageous Facts/Pods-Outrageous Facts-frameworks-${CONFIGURATION}-output-files.xcfilelist",
			);
			runOnlyForDeploymentPostprocessing = 0;
			shellPath = /bin/sh;
			shellScript = "\"${PODS_ROOT}/Target Support Files/Pods-Outrageous Facts/Pods-Outrageous Facts-frameworks.sh\"\n";
			showEnvVarsInLog = 0;
		};
		4110E64D165F0D68A65E3CD0 /* [CP] Embed Pods Frameworks */ = {
			isa = PBXShellScriptBuildPhase;
			buildActionMask = 2147483647;
			files = (
			);
			inputFileListPaths = (
				"${PODS_ROOT}/Target Support Files/Pods-Outrageous Facts-Outrageous FactsUITests/Pods-Outrageous Facts-Outrageous FactsUITests-frameworks-${CONFIGURATION}-input-files.xcfilelist",
			);
			name = "[CP] Embed Pods Frameworks";
			outputFileListPaths = (
				"${PODS_ROOT}/Target Support Files/Pods-Outrageous Facts-Outrageous FactsUITests/Pods-Outrageous Facts-Outrageous FactsUITests-frameworks-${CONFIGURATION}-output-files.xcfilelist",
			);
			runOnlyForDeploymentPostprocessing = 0;
			shellPath = /bin/sh;
			shellScript = "\"${PODS_ROOT}/Target Support Files/Pods-Outrageous Facts-Outrageous FactsUITests/Pods-Outrageous Facts-Outrageous FactsUITests-frameworks.sh\"\n";
			showEnvVarsInLog = 0;
		};
		AEB5AC530E214C6D6395114F /* [CP] Check Pods Manifest.lock */ = {
			isa = PBXShellScriptBuildPhase;
			buildActionMask = 2147483647;
			files = (
			);
			inputFileListPaths = (
			);
			inputPaths = (
				"${PODS_PODFILE_DIR_PATH}/Podfile.lock",
				"${PODS_ROOT}/Manifest.lock",
			);
			name = "[CP] Check Pods Manifest.lock";
			outputFileListPaths = (
			);
			outputPaths = (
				"$(DERIVED_FILE_DIR)/Pods-Outrageous Facts-Outrageous FactsUITests-checkManifestLockResult.txt",
			);
			runOnlyForDeploymentPostprocessing = 0;
			shellPath = /bin/sh;
			shellScript = "diff \"${PODS_PODFILE_DIR_PATH}/Podfile.lock\" \"${PODS_ROOT}/Manifest.lock\" > /dev/null\nif [ $? != 0 ] ; then\n    # print error to STDERR\n    echo \"error: The sandbox is not in sync with the Podfile.lock. Run 'pod install' or update your CocoaPods installation.\" >&2\n    exit 1\nfi\n# This output is used by Xcode 'outputs' to avoid re-running this script phase.\necho \"SUCCESS\" > \"${SCRIPT_OUTPUT_FILE_0}\"\n";
			showEnvVarsInLog = 0;
		};
		F72B9893218664A43CE597F9 /* [CP] Check Pods Manifest.lock */ = {
			isa = PBXShellScriptBuildPhase;
			buildActionMask = 2147483647;
			files = (
			);
			inputFileListPaths = (
			);
			inputPaths = (
				"${PODS_PODFILE_DIR_PATH}/Podfile.lock",
				"${PODS_ROOT}/Manifest.lock",
			);
			name = "[CP] Check Pods Manifest.lock";
			outputFileListPaths = (
			);
			outputPaths = (
				"$(DERIVED_FILE_DIR)/Pods-Outrageous Facts-checkManifestLockResult.txt",
			);
			runOnlyForDeploymentPostprocessing = 0;
			shellPath = /bin/sh;
			shellScript = "diff \"${PODS_PODFILE_DIR_PATH}/Podfile.lock\" \"${PODS_ROOT}/Manifest.lock\" > /dev/null\nif [ $? != 0 ] ; then\n    # print error to STDERR\n    echo \"error: The sandbox is not in sync with the Podfile.lock. Run 'pod install' or update your CocoaPods installation.\" >&2\n    exit 1\nfi\n# This output is used by Xcode 'outputs' to avoid re-running this script phase.\necho \"SUCCESS\" > \"${SCRIPT_OUTPUT_FILE_0}\"\n";
			showEnvVarsInLog = 0;
		};
/* End PBXShellScriptBuildPhase section */

/* Begin PBXSourcesBuildPhase section */
		F63C58612958DBE9007DF6B8 /* Sources */ = {
			isa = PBXSourcesBuildPhase;
			buildActionMask = 2147483647;
			files = (
				F649E97B29A4460C00C2BF09 /* Event.swift in Sources */,
				F649E97D29A4597E00C2BF09 /* RandQuote.swift in Sources */,
				F6825CEB2974F57100E7FB0C /* AboutView.swift in Sources */,
				F655BADE296CFA4600EFDCD3 /* Quote.swift in Sources */,
				F6342BE9295E335B00BF730B /* FactView.swift in Sources */,
				F63C58722958DBEF007DF6B8 /* Persistence.swift in Sources */,
				F649E97929A4459600C2BF09 /* JSONData.swift in Sources */,
				F63C586B2958DBE9007DF6B8 /* ContentView.swift in Sources */,
				F68E83D62990A80900883CD7 /* Notification.swift in Sources */,
				F63C58692958DBE9007DF6B8 /* Outrageous_FactsApp.swift in Sources */,
				F6832D3529734251005A5E03 /* GADBannerViewController.swift in Sources */,
				F649E97729A43BC400C2BF09 /* APIRequest.swift in Sources */,
				F63C58752958DBF0007DF6B8 /* Outrageous_Facts.xcdatamodeld in Sources */,
			);
			runOnlyForDeploymentPostprocessing = 0;
		};
		F63C58762958DBF0007DF6B8 /* Sources */ = {
			isa = PBXSourcesBuildPhase;
			buildActionMask = 2147483647;
			files = (
				F63C587F2958DBF0007DF6B8 /* Outrageous_FactsTests.swift in Sources */,
			);
			runOnlyForDeploymentPostprocessing = 0;
		};
		F63C58802958DBF0007DF6B8 /* Sources */ = {
			isa = PBXSourcesBuildPhase;
			buildActionMask = 2147483647;
			files = (
				F63C588B2958DBF0007DF6B8 /* Outrageous_FactsUITestsLaunchTests.swift in Sources */,
				F63C58892958DBF0007DF6B8 /* Outrageous_FactsUITests.swift in Sources */,
			);
			runOnlyForDeploymentPostprocessing = 0;
		};
/* End PBXSourcesBuildPhase section */

/* Begin PBXTargetDependency section */
		F63C587C2958DBF0007DF6B8 /* PBXTargetDependency */ = {
			isa = PBXTargetDependency;
			target = F63C58642958DBE9007DF6B8 /* Outrageous Facts */;
			targetProxy = F63C587B2958DBF0007DF6B8 /* PBXContainerItemProxy */;
		};
		F63C58862958DBF0007DF6B8 /* PBXTargetDependency */ = {
			isa = PBXTargetDependency;
			target = F63C58642958DBE9007DF6B8 /* Outrageous Facts */;
			targetProxy = F63C58852958DBF0007DF6B8 /* PBXContainerItemProxy */;
		};
/* End PBXTargetDependency section */

/* Begin XCBuildConfiguration section */
		F63C588C2958DBF0007DF6B8 /* Debug */ = {
			isa = XCBuildConfiguration;
			buildSettings = {
				ALWAYS_SEARCH_USER_PATHS = NO;
				CLANG_ANALYZER_NONNULL = YES;
				CLANG_ANALYZER_NUMBER_OBJECT_CONVERSION = YES_AGGRESSIVE;
				CLANG_CXX_LANGUAGE_STANDARD = "gnu++20";
				CLANG_ENABLE_MODULES = YES;
				CLANG_ENABLE_OBJC_ARC = YES;
				CLANG_ENABLE_OBJC_WEAK = YES;
				CLANG_WARN_BLOCK_CAPTURE_AUTORELEASING = YES;
				CLANG_WARN_BOOL_CONVERSION = YES;
				CLANG_WARN_COMMA = YES;
				CLANG_WARN_CONSTANT_CONVERSION = YES;
				CLANG_WARN_DEPRECATED_OBJC_IMPLEMENTATIONS = YES;
				CLANG_WARN_DIRECT_OBJC_ISA_USAGE = YES_ERROR;
				CLANG_WARN_DOCUMENTATION_COMMENTS = YES;
				CLANG_WARN_EMPTY_BODY = YES;
				CLANG_WARN_ENUM_CONVERSION = YES;
				CLANG_WARN_INFINITE_RECURSION = YES;
				CLANG_WARN_INT_CONVERSION = YES;
				CLANG_WARN_NON_LITERAL_NULL_CONVERSION = YES;
				CLANG_WARN_OBJC_IMPLICIT_RETAIN_SELF = YES;
				CLANG_WARN_OBJC_LITERAL_CONVERSION = YES;
				CLANG_WARN_OBJC_ROOT_CLASS = YES_ERROR;
				CLANG_WARN_QUOTED_INCLUDE_IN_FRAMEWORK_HEADER = YES;
				CLANG_WARN_RANGE_LOOP_ANALYSIS = YES;
				CLANG_WARN_STRICT_PROTOTYPES = YES;
				CLANG_WARN_SUSPICIOUS_MOVE = YES;
				CLANG_WARN_UNGUARDED_AVAILABILITY = YES_AGGRESSIVE;
				CLANG_WARN_UNREACHABLE_CODE = YES;
				CLANG_WARN__DUPLICATE_METHOD_MATCH = YES;
				COPY_PHASE_STRIP = NO;
				DEBUG_INFORMATION_FORMAT = dwarf;
				ENABLE_STRICT_OBJC_MSGSEND = YES;
				ENABLE_TESTABILITY = YES;
				GCC_C_LANGUAGE_STANDARD = gnu11;
				GCC_DYNAMIC_NO_PIC = NO;
				GCC_NO_COMMON_BLOCKS = YES;
				GCC_OPTIMIZATION_LEVEL = 0;
				GCC_PREPROCESSOR_DEFINITIONS = (
					"DEBUG=1",
					"$(inherited)",
				);
				GCC_WARN_64_TO_32_BIT_CONVERSION = YES;
				GCC_WARN_ABOUT_RETURN_TYPE = YES_ERROR;
				GCC_WARN_UNDECLARED_SELECTOR = YES;
				GCC_WARN_UNINITIALIZED_AUTOS = YES_AGGRESSIVE;
				GCC_WARN_UNUSED_FUNCTION = YES;
				GCC_WARN_UNUSED_VARIABLE = YES;
				IPHONEOS_DEPLOYMENT_TARGET = 16.2;
				MTL_ENABLE_DEBUG_INFO = INCLUDE_SOURCE;
				MTL_FAST_MATH = YES;
				ONLY_ACTIVE_ARCH = YES;
				SDKROOT = iphoneos;
				SWIFT_ACTIVE_COMPILATION_CONDITIONS = DEBUG;
				SWIFT_OPTIMIZATION_LEVEL = "-Onone";
			};
			name = Debug;
		};
		F63C588D2958DBF0007DF6B8 /* Release */ = {
			isa = XCBuildConfiguration;
			buildSettings = {
				ALWAYS_SEARCH_USER_PATHS = NO;
				CLANG_ANALYZER_NONNULL = YES;
				CLANG_ANALYZER_NUMBER_OBJECT_CONVERSION = YES_AGGRESSIVE;
				CLANG_CXX_LANGUAGE_STANDARD = "gnu++20";
				CLANG_ENABLE_MODULES = YES;
				CLANG_ENABLE_OBJC_ARC = YES;
				CLANG_ENABLE_OBJC_WEAK = YES;
				CLANG_WARN_BLOCK_CAPTURE_AUTORELEASING = YES;
				CLANG_WARN_BOOL_CONVERSION = YES;
				CLANG_WARN_COMMA = YES;
				CLANG_WARN_CONSTANT_CONVERSION = YES;
				CLANG_WARN_DEPRECATED_OBJC_IMPLEMENTATIONS = YES;
				CLANG_WARN_DIRECT_OBJC_ISA_USAGE = YES_ERROR;
				CLANG_WARN_DOCUMENTATION_COMMENTS = YES;
				CLANG_WARN_EMPTY_BODY = YES;
				CLANG_WARN_ENUM_CONVERSION = YES;
				CLANG_WARN_INFINITE_RECURSION = YES;
				CLANG_WARN_INT_CONVERSION = YES;
				CLANG_WARN_NON_LITERAL_NULL_CONVERSION = YES;
				CLANG_WARN_OBJC_IMPLICIT_RETAIN_SELF = YES;
				CLANG_WARN_OBJC_LITERAL_CONVERSION = YES;
				CLANG_WARN_OBJC_ROOT_CLASS = YES_ERROR;
				CLANG_WARN_QUOTED_INCLUDE_IN_FRAMEWORK_HEADER = YES;
				CLANG_WARN_RANGE_LOOP_ANALYSIS = YES;
				CLANG_WARN_STRICT_PROTOTYPES = YES;
				CLANG_WARN_SUSPICIOUS_MOVE = YES;
				CLANG_WARN_UNGUARDED_AVAILABILITY = YES_AGGRESSIVE;
				CLANG_WARN_UNREACHABLE_CODE = YES;
				CLANG_WARN__DUPLICATE_METHOD_MATCH = YES;
				COPY_PHASE_STRIP = NO;
				DEBUG_INFORMATION_FORMAT = "dwarf-with-dsym";
				ENABLE_NS_ASSERTIONS = NO;
				ENABLE_STRICT_OBJC_MSGSEND = YES;
				GCC_C_LANGUAGE_STANDARD = gnu11;
				GCC_NO_COMMON_BLOCKS = YES;
				GCC_WARN_64_TO_32_BIT_CONVERSION = YES;
				GCC_WARN_ABOUT_RETURN_TYPE = YES_ERROR;
				GCC_WARN_UNDECLARED_SELECTOR = YES;
				GCC_WARN_UNINITIALIZED_AUTOS = YES_AGGRESSIVE;
				GCC_WARN_UNUSED_FUNCTION = YES;
				GCC_WARN_UNUSED_VARIABLE = YES;
				IPHONEOS_DEPLOYMENT_TARGET = 16.2;
				MTL_ENABLE_DEBUG_INFO = NO;
				MTL_FAST_MATH = YES;
				SDKROOT = iphoneos;
				SWIFT_COMPILATION_MODE = wholemodule;
				SWIFT_OPTIMIZATION_LEVEL = "-O";
				VALIDATE_PRODUCT = YES;
			};
			name = Release;
		};
		F63C588F2958DBF0007DF6B8 /* Debug */ = {
			isa = XCBuildConfiguration;
			baseConfigurationReference = D2236DA590A4EC5CF470B7C8 /* Pods-Outrageous Facts.debug.xcconfig */;
			buildSettings = {
				ASSETCATALOG_COMPILER_APPICON_NAME = AppIcon;
				ASSETCATALOG_COMPILER_GLOBAL_ACCENT_COLOR_NAME = AccentColor;
				CODE_SIGN_STYLE = Automatic;
				CURRENT_PROJECT_VERSION = 1;
				DEVELOPMENT_ASSET_PATHS = "\"Outrageous Facts/Preview Content\"";
				DEVELOPMENT_TEAM = 3P576PW62C;
				ENABLE_PREVIEWS = YES;
				GENERATE_INFOPLIST_FILE = YES;
				INFOPLIST_FILE = "Outrageous-Facts-Info.plist";
				INFOPLIST_KEY_CFBundleDisplayName = History;
				INFOPLIST_KEY_LSApplicationCategoryType = "public.app-category.reference";
				INFOPLIST_KEY_UIApplicationSceneManifest_Generation = YES;
				INFOPLIST_KEY_UIApplicationSupportsIndirectInputEvents = YES;
				INFOPLIST_KEY_UILaunchScreen_Generation = YES;
				INFOPLIST_KEY_UILaunchStoryboardName = "Launch Screen.storyboard";
				INFOPLIST_KEY_UISupportedInterfaceOrientations_iPad = "UIInterfaceOrientationPortrait UIInterfaceOrientationPortraitUpsideDown UIInterfaceOrientationLandscapeLeft UIInterfaceOrientationLandscapeRight";
				INFOPLIST_KEY_UISupportedInterfaceOrientations_iPhone = "UIInterfaceOrientationPortrait UIInterfaceOrientationLandscapeLeft UIInterfaceOrientationLandscapeRight";
				IPHONEOS_DEPLOYMENT_TARGET = 15.0;
				LD_RUNPATH_SEARCH_PATHS = (
					"$(inherited)",
					"@executable_path/Frameworks",
				);
				MARKETING_VERSION = 1.2.0;
				PRODUCT_BUNDLE_IDENTIFIER = "SolvusInc.Outrageous-Facts-History";
				PRODUCT_NAME = "$(TARGET_NAME)";
				SWIFT_EMIT_LOC_STRINGS = YES;
				SWIFT_VERSION = 5.0;
				TARGETED_DEVICE_FAMILY = "1,2";
			};
			name = Debug;
		};
		F63C58902958DBF0007DF6B8 /* Release */ = {
			isa = XCBuildConfiguration;
			baseConfigurationReference = 6B0464BD8C335BEFD17F0876 /* Pods-Outrageous Facts.release.xcconfig */;
			buildSettings = {
				ASSETCATALOG_COMPILER_APPICON_NAME = AppIcon;
				ASSETCATALOG_COMPILER_GLOBAL_ACCENT_COLOR_NAME = AccentColor;
				CODE_SIGN_STYLE = Automatic;
				CURRENT_PROJECT_VERSION = 1;
				DEVELOPMENT_ASSET_PATHS = "\"Outrageous Facts/Preview Content\"";
				DEVELOPMENT_TEAM = 3P576PW62C;
				ENABLE_PREVIEWS = YES;
				GENERATE_INFOPLIST_FILE = YES;
				INFOPLIST_FILE = "Outrageous-Facts-Info.plist";
				INFOPLIST_KEY_CFBundleDisplayName = History;
				INFOPLIST_KEY_LSApplicationCategoryType = "public.app-category.reference";
				INFOPLIST_KEY_UIApplicationSceneManifest_Generation = YES;
				INFOPLIST_KEY_UIApplicationSupportsIndirectInputEvents = YES;
				INFOPLIST_KEY_UILaunchScreen_Generation = YES;
				INFOPLIST_KEY_UILaunchStoryboardName = "Launch Screen.storyboard";
				INFOPLIST_KEY_UISupportedInterfaceOrientations_iPad = "UIInterfaceOrientationPortrait UIInterfaceOrientationPortraitUpsideDown UIInterfaceOrientationLandscapeLeft UIInterfaceOrientationLandscapeRight";
				INFOPLIST_KEY_UISupportedInterfaceOrientations_iPhone = "UIInterfaceOrientationPortrait UIInterfaceOrientationLandscapeLeft UIInterfaceOrientationLandscapeRight";
				IPHONEOS_DEPLOYMENT_TARGET = 15.0;
				LD_RUNPATH_SEARCH_PATHS = (
					"$(inherited)",
					"@executable_path/Frameworks",
				);
				MARKETING_VERSION = 1.2.0;
				PRODUCT_BUNDLE_IDENTIFIER = "SolvusInc.Outrageous-Facts-History";
				PRODUCT_NAME = "$(TARGET_NAME)";
				SWIFT_EMIT_LOC_STRINGS = YES;
				SWIFT_VERSION = 5.0;
				TARGETED_DEVICE_FAMILY = "1,2";
			};
			name = Release;
		};
		F63C58922958DBF0007DF6B8 /* Debug */ = {
			isa = XCBuildConfiguration;
			baseConfigurationReference = DFA65E1510762BB75C0F3055 /* Pods-Outrageous FactsTests.debug.xcconfig */;
			buildSettings = {
				ALWAYS_EMBED_SWIFT_STANDARD_LIBRARIES = YES;
				BUNDLE_LOADER = "$(TEST_HOST)";
				CODE_SIGN_STYLE = Automatic;
				CURRENT_PROJECT_VERSION = 1;
				GENERATE_INFOPLIST_FILE = YES;
				IPHONEOS_DEPLOYMENT_TARGET = 16.2;
				MARKETING_VERSION = 1.0;
				PRODUCT_BUNDLE_IDENTIFIER = "SolvusInc.Outrageous-FactsTests";
				PRODUCT_NAME = "$(TARGET_NAME)";
				SWIFT_EMIT_LOC_STRINGS = NO;
				SWIFT_VERSION = 5.0;
				TARGETED_DEVICE_FAMILY = "1,2";
				TEST_HOST = "$(BUILT_PRODUCTS_DIR)/Outrageous Facts.app/$(BUNDLE_EXECUTABLE_FOLDER_PATH)/Outrageous Facts";
			};
			name = Debug;
		};
		F63C58932958DBF0007DF6B8 /* Release */ = {
			isa = XCBuildConfiguration;
			baseConfigurationReference = 04F99DEC265B66A4DF954BC0 /* Pods-Outrageous FactsTests.release.xcconfig */;
			buildSettings = {
				ALWAYS_EMBED_SWIFT_STANDARD_LIBRARIES = YES;
				BUNDLE_LOADER = "$(TEST_HOST)";
				CODE_SIGN_STYLE = Automatic;
				CURRENT_PROJECT_VERSION = 1;
				GENERATE_INFOPLIST_FILE = YES;
				IPHONEOS_DEPLOYMENT_TARGET = 16.2;
				MARKETING_VERSION = 1.0;
				PRODUCT_BUNDLE_IDENTIFIER = "SolvusInc.Outrageous-FactsTests";
				PRODUCT_NAME = "$(TARGET_NAME)";
				SWIFT_EMIT_LOC_STRINGS = NO;
				SWIFT_VERSION = 5.0;
				TARGETED_DEVICE_FAMILY = "1,2";
				TEST_HOST = "$(BUILT_PRODUCTS_DIR)/Outrageous Facts.app/$(BUNDLE_EXECUTABLE_FOLDER_PATH)/Outrageous Facts";
			};
			name = Release;
		};
		F63C58952958DBF0007DF6B8 /* Debug */ = {
			isa = XCBuildConfiguration;
			baseConfigurationReference = 3A711CFE8BD5D82C7AD11C4D /* Pods-Outrageous Facts-Outrageous FactsUITests.debug.xcconfig */;
			buildSettings = {
				ALWAYS_EMBED_SWIFT_STANDARD_LIBRARIES = YES;
				CODE_SIGN_STYLE = Automatic;
				CURRENT_PROJECT_VERSION = 1;
				GENERATE_INFOPLIST_FILE = YES;
				MARKETING_VERSION = 1.0;
				PRODUCT_BUNDLE_IDENTIFIER = "SolvusInc.Outrageous-FactsUITests";
				PRODUCT_NAME = "$(TARGET_NAME)";
				SWIFT_EMIT_LOC_STRINGS = NO;
				SWIFT_VERSION = 5.0;
				TARGETED_DEVICE_FAMILY = "1,2";
				TEST_TARGET_NAME = "Outrageous Facts";
			};
			name = Debug;
		};
		F63C58962958DBF0007DF6B8 /* Release */ = {
			isa = XCBuildConfiguration;
			baseConfigurationReference = DA915A25A5FAB4EE208284B1 /* Pods-Outrageous Facts-Outrageous FactsUITests.release.xcconfig */;
			buildSettings = {
				ALWAYS_EMBED_SWIFT_STANDARD_LIBRARIES = YES;
				CODE_SIGN_STYLE = Automatic;
				CURRENT_PROJECT_VERSION = 1;
				GENERATE_INFOPLIST_FILE = YES;
				MARKETING_VERSION = 1.0;
				PRODUCT_BUNDLE_IDENTIFIER = "SolvusInc.Outrageous-FactsUITests";
				PRODUCT_NAME = "$(TARGET_NAME)";
				SWIFT_EMIT_LOC_STRINGS = NO;
				SWIFT_VERSION = 5.0;
				TARGETED_DEVICE_FAMILY = "1,2";
				TEST_TARGET_NAME = "Outrageous Facts";
			};
			name = Release;
		};
/* End XCBuildConfiguration section */

/* Begin XCConfigurationList section */
		F63C58602958DBE9007DF6B8 /* Build configuration list for PBXProject "Outrageous Facts" */ = {
			isa = XCConfigurationList;
			buildConfigurations = (
				F63C588C2958DBF0007DF6B8 /* Debug */,
				F63C588D2958DBF0007DF6B8 /* Release */,
			);
			defaultConfigurationIsVisible = 0;
			defaultConfigurationName = Release;
		};
		F63C588E2958DBF0007DF6B8 /* Build configuration list for PBXNativeTarget "Outrageous Facts" */ = {
			isa = XCConfigurationList;
			buildConfigurations = (
				F63C588F2958DBF0007DF6B8 /* Debug */,
				F63C58902958DBF0007DF6B8 /* Release */,
			);
			defaultConfigurationIsVisible = 0;
			defaultConfigurationName = Release;
		};
		F63C58912958DBF0007DF6B8 /* Build configuration list for PBXNativeTarget "Outrageous FactsTests" */ = {
			isa = XCConfigurationList;
			buildConfigurations = (
				F63C58922958DBF0007DF6B8 /* Debug */,
				F63C58932958DBF0007DF6B8 /* Release */,
			);
			defaultConfigurationIsVisible = 0;
			defaultConfigurationName = Release;
		};
		F63C58942958DBF0007DF6B8 /* Build configuration list for PBXNativeTarget "Outrageous FactsUITests" */ = {
			isa = XCConfigurationList;
			buildConfigurations = (
				F63C58952958DBF0007DF6B8 /* Debug */,
				F63C58962958DBF0007DF6B8 /* Release */,
			);
			defaultConfigurationIsVisible = 0;
			defaultConfigurationName = Release;
		};
/* End XCConfigurationList section */

/* Begin XCRemoteSwiftPackageReference section */
		F63CC2B529D0AF0D002C2FB2 /* XCRemoteSwiftPackageReference "ScrollViewStyle" */ = {
			isa = XCRemoteSwiftPackageReference;
			repositoryURL = "https://github.com/TimmysApp/ScrollViewStyle";
			requirement = {
				kind = upToNextMajorVersion;
				minimumVersion = 1.0.0;
			};
		};
		F68AAD8A29CF7F1700487301 /* XCRemoteSwiftPackageReference "hstack-snap-to-scroll" */ = {
			isa = XCRemoteSwiftPackageReference;
			repositoryURL = "https://github.com/swiftui-library/hstack-snap-to-scroll";
			requirement = {
				kind = upToNextMajorVersion;
				minimumVersion = 1.0.0;
			};
		};
		F6DF53C7297326E40030222C /* XCRemoteSwiftPackageReference "swift-package-manager-google-mobile-ads" */ = {
			isa = XCRemoteSwiftPackageReference;
			repositoryURL = "https://github.com/googleads/swift-package-manager-google-mobile-ads.git";
			requirement = {
				kind = upToNextMajorVersion;
				minimumVersion = 9.0.0;
			};
		};
/* End XCRemoteSwiftPackageReference section */

/* Begin XCSwiftPackageProductDependency section */
		F63CC2B629D0AF0E002C2FB2 /* ScrollViewStyle */ = {
			isa = XCSwiftPackageProductDependency;
			package = F63CC2B529D0AF0D002C2FB2 /* XCRemoteSwiftPackageReference "ScrollViewStyle" */;
			productName = ScrollViewStyle;
		};
		F68AAD8B29CF7F1800487301 /* SnapToScroll */ = {
			isa = XCSwiftPackageProductDependency;
			package = F68AAD8A29CF7F1700487301 /* XCRemoteSwiftPackageReference "hstack-snap-to-scroll" */;
			productName = SnapToScroll;
		};
		F6DF53C8297326E40030222C /* GoogleMobileAds */ = {
			isa = XCSwiftPackageProductDependency;
			package = F6DF53C7297326E40030222C /* XCRemoteSwiftPackageReference "swift-package-manager-google-mobile-ads" */;
			productName = GoogleMobileAds;
		};
/* End XCSwiftPackageProductDependency section */

/* Begin XCVersionGroup section */
		F63C58732958DBF0007DF6B8 /* Outrageous_Facts.xcdatamodeld */ = {
			isa = XCVersionGroup;
			children = (
				F63C58742958DBF0007DF6B8 /* Outrageous_Facts.xcdatamodel */,
			);
			currentVersion = F63C58742958DBF0007DF6B8 /* Outrageous_Facts.xcdatamodel */;
			path = Outrageous_Facts.xcdatamodeld;
			sourceTree = "<group>";
			versionGroupType = wrapper.xcdatamodel;
		};
/* End XCVersionGroup section */
	};
	rootObject = F63C585D2958DBE9007DF6B8 /* Project object */;
}
